<?xml version="1.0" encoding="utf-8"?>
<Project ToolsVersion="4.0" xmlns="http://schemas.microsoft.com/developer/msbuild/2003">
  <ItemGroup>
    <Filter Include="Gem">
      <UniqueIdentifier>{5EEE870B-CAF7-877C-5373-9E7CBF7B937C}</UniqueIdentifier>
    </Filter>
    <Filter Include="Gem\Events">
      <UniqueIdentifier>{820432AD-6EBC-73FA-D7C3-4C56C39A0EEB}</UniqueIdentifier>
    </Filter>
    <Filter Include="Platform">
      <UniqueIdentifier>{2AC788B4-1694-E3BF-3FAD-D1672BD9184E}</UniqueIdentifier>
    </Filter>
    <Filter Include="Platform\Windows">
      <UniqueIdentifier>{64FBD71A-50F4-F66C-7926-DCF1657ED678}</UniqueIdentifier>
    </Filter>
  </ItemGroup>
  <ItemGroup>
    <ClInclude Include="src\Gem.h" />
    <ClInclude Include="src\Gem\Application.h">
      <Filter>Gem</Filter>
    </ClInclude>
    <ClInclude Include="src\Gem\Core.h">
      <Filter>Gem</Filter>
    </ClInclude>
    <ClInclude Include="src\Gem\EntryPoint.h">
      <Filter>Gem</Filter>
    </ClInclude>
    <ClInclude Include="src\Gem\Events\ApplicationEvent.h">
      <Filter>Gem\Events</Filter>
    </ClInclude>
    <ClInclude Include="src\Gem\Events\Event.h">
      <Filter>Gem\Events</Filter>
    </ClInclude>
    <ClInclude Include="src\Gem\Events\KeyEvent.h">
      <Filter>Gem\Events</Filter>
    </ClInclude>
    <ClInclude Include="src\Gem\Events\MouseEvent.h">
      <Filter>Gem\Events</Filter>
    </ClInclude>
    <ClInclude Include="src\Gem\Layer.h">
      <Filter>Gem</Filter>
    </ClInclude>
    <ClInclude Include="src\Gem\LayerStack.h">
      <Filter>Gem</Filter>
    </ClInclude>
    <ClInclude Include="src\Gem\Log.h">
      <Filter>Gem</Filter>
    </ClInclude>
    <ClInclude Include="src\Gem\Window.h">
      <Filter>Gem</Filter>
    </ClInclude>
    <ClInclude Include="src\Platform\Windows\WindowsWindow.h">
      <Filter>Platform\Windows</Filter>
    </ClInclude>
    <ClInclude Include="src\gepch.h" />
  </ItemGroup>
  <ItemGroup>
    <ClCompile Include="src\Gem\Application.cpp">
      <Filter>Gem</Filter>
    </ClCompile>
    <ClCompile Include="src\Gem\Layer.cpp">
      <Filter>Gem</Filter>
    </ClCompile>
    <ClCompile Include="src\Gem\LayerStack.cpp">
      <Filter>Gem</Filter>
    </ClCompile>
    <ClCompile Include="src\Gem\Log.cpp">
      <Filter>Gem</Filter>
    </ClCompile>
    <ClCompile Include="src\Platform\Windows\WindowsWindow.cpp">
      <Filter>Platform\Windows</Filter>
    </ClCompile>
    <ClCompile Include="src\gepch.cpp" />
  </ItemGroup>
</Project>